
Microsoft Visual Studio Solution File, Format Version 12.00
# Visual Studio Version 17
VisualStudioVersion = 17.14.36202.13 d17.14
MinimumVisualStudioVersion = 10.0.40219.1
Project("{FAE04EC0-301F-11D3-BF4B-00C04F79EFBC}") = "ConsoleApp1", "ConsoleApp1\ConsoleApp1.csproj", "{49DDA310-6118-4A55-B068-ED3CF68570D7}"
EndProject
Project("{FAE04EC0-301F-11D3-BF4B-00C04F79EFBC}") = "task13", "task13\task13.csproj", "{35157592-89D6-4991-BA9C-8369899A058C}"
EndProject
Project("{FAE04EC0-301F-11D3-BF4B-00C04F79EFBC}") = "task13tests", "task13tests\task13tests.csproj", "{9B01BD4E-F322-4C63-A594-B38A2BC2E093}"
EndProject
Global
	GlobalSection(SolutionConfigurationPlatforms) = preSolution
		Debug|Any CPU = Debug|Any CPU
		Release|Any CPU = Release|Any CPU
	EndGlobalSection
	GlobalSection(ProjectConfigurationPlatforms) = postSolution
		{49DDA310-6118-4A55-B068-ED3CF68570D7}.Debug|Any CPU.ActiveCfg = Debug|Any CPU
		{49DDA310-6118-4A55-B068-ED3CF68570D7}.Debug|Any CPU.Build.0 = Debug|Any CPU
		{49DDA310-6118-4A55-B068-ED3CF68570D7}.Release|Any CPU.ActiveCfg = Release|Any CPU
		{49DDA310-6118-4A55-B068-ED3CF68570D7}.Release|Any CPU.Build.0 = Release|Any CPU
		{35157592-89D6-4991-BA9C-8369899A058C}.Debug|Any CPU.ActiveCfg = Debug|Any CPU
		{35157592-89D6-4991-BA9C-8369899A058C}.Debug|Any CPU.Build.0 = Debug|Any CPU
		{35157592-89D6-4991-BA9C-8369899A058C}.Release|Any CPU.ActiveCfg = Release|Any CPU
		{35157592-89D6-4991-BA9C-8369899A058C}.Release|Any CPU.Build.0 = Release|Any CPU
		{9B01BD4E-F322-4C63-A594-B38A2BC2E093}.Debug|Any CPU.ActiveCfg = Debug|Any CPU
		{9B01BD4E-F322-4C63-A594-B38A2BC2E093}.Debug|Any CPU.Build.0 = Debug|Any CPU
		{9B01BD4E-F322-4C63-A594-B38A2BC2E093}.Release|Any CPU.ActiveCfg = Release|Any CPU
		{9B01BD4E-F322-4C63-A594-B38A2BC2E093}.Release|Any CPU.Build.0 = Release|Any CPU
	EndGlobalSection
	GlobalSection(SolutionProperties) = preSolution
		HideSolutionNode = FALSE
	EndGlobalSection
	GlobalSection(ExtensibilityGlobals) = postSolution
		SolutionGuid = {25CFC24A-A00B-401A-873C-DF2D5C822FD3}
	EndGlobalSection
EndGlobal
