
Microsoft Visual Studio Solution File, Format Version 12.00
# Visual Studio Version 17
VisualStudioVersion = 17.14.36202.13 d17.14
MinimumVisualStudioVersion = 10.0.40219.1
Project("{FAE04EC0-301F-11D3-BF4B-00C04F79EFBC}") = "task11", "task11\task11.csproj", "{D9097E9D-37B3-44E3-B82D-37B15E21A6E7}"
EndProject
Project("{FAE04EC0-301F-11D3-BF4B-00C04F79EFBC}") = "task11tests", "task11tests\task11tests.csproj", "{D105A788-3493-4742-AC2D-7C7B43653DA2}"
EndProject
Global
	GlobalSection(SolutionConfigurationPlatforms) = preSolution
		Debug|Any CPU = Debug|Any CPU
		Release|Any CPU = Release|Any CPU
	EndGlobalSection
	GlobalSection(ProjectConfigurationPlatforms) = postSolution
		{D9097E9D-37B3-44E3-B82D-37B15E21A6E7}.Debug|Any CPU.ActiveCfg = Debug|Any CPU
		{D9097E9D-37B3-44E3-B82D-37B15E21A6E7}.Debug|Any CPU.Build.0 = Debug|Any CPU
		{D9097E9D-37B3-44E3-B82D-37B15E21A6E7}.Release|Any CPU.ActiveCfg = Release|Any CPU
		{D9097E9D-37B3-44E3-B82D-37B15E21A6E7}.Release|Any CPU.Build.0 = Release|Any CPU
		{D105A788-3493-4742-AC2D-7C7B43653DA2}.Debug|Any CPU.ActiveCfg = Debug|Any CPU
		{D105A788-3493-4742-AC2D-7C7B43653DA2}.Debug|Any CPU.Build.0 = Debug|Any CPU
		{D105A788-3493-4742-AC2D-7C7B43653DA2}.Release|Any CPU.ActiveCfg = Release|Any CPU
		{D105A788-3493-4742-AC2D-7C7B43653DA2}.Release|Any CPU.Build.0 = Release|Any CPU
	EndGlobalSection
	GlobalSection(SolutionProperties) = preSolution
		HideSolutionNode = FALSE
	EndGlobalSection
	GlobalSection(ExtensibilityGlobals) = postSolution
		SolutionGuid = {88D28CF9-25DF-4B90-8A09-C38D0569AEE4}
	EndGlobalSection
EndGlobal
